
Microsoft Visual Studio Solution File, Format Version 12.00
# Visual Studio 14
VisualStudioVersion = 14.0.23107.0
MinimumVisualStudioVersion = 10.0.40219.1
Project("{2150E333-8FDC-42A3-9474-1A3956D46DE8}") = "src", "src", "{B8B4A624-1C13-4F89-AD79-C38E22C39C27}"
EndProject
Project("{2150E333-8FDC-42A3-9474-1A3956D46DE8}") = "Solution Items", "Solution Items", "{C13245A1-35AE-4ADB-A755-DDB2B8181D27}"
	ProjectSection(SolutionItems) = preProject
		global.json = global.json
		NuGet.Config = NuGet.Config
	EndProjectSection
EndProject
Project("{8BB2217D-0F2D-49D1-97BC-3654ED321F3B}") = "MyDnxProject", "src\MyDnxProject\MyDnxProject.xproj", "{F537804F-9C23-4739-BA2E-529E1442153C}"
EndProject
Project("{8BB2217D-0F2D-49D1-97BC-3654ED321F3B}") = "MyDnxProject.Test", "src\MyDnxProject.Test\MyDnxProject.Test.xproj", "{C4ACCE54-D9E0-46DA-8F79-107515A92499}"
EndProject
Global
	GlobalSection(SolutionConfigurationPlatforms) = preSolution
		Debug|Any CPU = Debug|Any CPU
		Release|Any CPU = Release|Any CPU
	EndGlobalSection
	GlobalSection(ProjectConfigurationPlatforms) = postSolution
		{F537804F-9C23-4739-BA2E-529E1442153C}.Debug|Any CPU.ActiveCfg = Debug|Any CPU
		{F537804F-9C23-4739-BA2E-529E1442153C}.Debug|Any CPU.Build.0 = Debug|Any CPU
		{F537804F-9C23-4739-BA2E-529E1442153C}.Release|Any CPU.ActiveCfg = Release|Any CPU
		{F537804F-9C23-4739-BA2E-529E1442153C}.Release|Any CPU.Build.0 = Release|Any CPU
		{C4ACCE54-D9E0-46DA-8F79-107515A92499}.Debug|Any CPU.ActiveCfg = Debug|Any CPU
		{C4ACCE54-D9E0-46DA-8F79-107515A92499}.Debug|Any CPU.Build.0 = Debug|Any CPU
		{C4ACCE54-D9E0-46DA-8F79-107515A92499}.Release|Any CPU.ActiveCfg = Release|Any CPU
		{C4ACCE54-D9E0-46DA-8F79-107515A92499}.Release|Any CPU.Build.0 = Release|Any CPU
	EndGlobalSection
	GlobalSection(SolutionProperties) = preSolution
		HideSolutionNode = FALSE
	EndGlobalSection
	GlobalSection(NestedProjects) = preSolution
		{F537804F-9C23-4739-BA2E-529E1442153C} = {B8B4A624-1C13-4F89-AD79-C38E22C39C27}
		{C4ACCE54-D9E0-46DA-8F79-107515A92499} = {B8B4A624-1C13-4F89-AD79-C38E22C39C27}
	EndGlobalSection
EndGlobal
